
Microsoft Visual Studio Solution File, Format Version 11.00
# Visual Studio 2010
Project("{FAE04EC0-301F-11D3-BF4B-00C04F79EFBC}") = "Assembly-CSharp", "Assembly-CSharp.csproj", "{A961C9F0-18DD-2B45-5A09-FAA9FE279EE6}"
EndProject
Project("{FAE04EC0-301F-11D3-BF4B-00C04F79EFBC}") = "Assembly-CSharp-Editor", "Assembly-CSharp-Editor.csproj", "{B0B159E3-61AE-D92A-BF09-400B19A7F7A1}"
EndProject
Global
	GlobalSection(SolutionConfigurationPlatforms) = preSolution
		Debug|Any CPU = Debug|Any CPU
		Release|Any CPU = Release|Any CPU
	EndGlobalSection
	GlobalSection(ProjectConfigurationPlatforms) = postSolution
		{A961C9F0-18DD-2B45-5A09-FAA9FE279EE6}.Debug|Any CPU.ActiveCfg = Debug|Any CPU
		{A961C9F0-18DD-2B45-5A09-FAA9FE279EE6}.Debug|Any CPU.Build.0 = Debug|Any CPU
		{A961C9F0-18DD-2B45-5A09-FAA9FE279EE6}.Release|Any CPU.ActiveCfg = Release|Any CPU
		{A961C9F0-18DD-2B45-5A09-FAA9FE279EE6}.Release|Any CPU.Build.0 = Release|Any CPU
		{B0B159E3-61AE-D92A-BF09-400B19A7F7A1}.Debug|Any CPU.ActiveCfg = Debug|Any CPU
		{B0B159E3-61AE-D92A-BF09-400B19A7F7A1}.Debug|Any CPU.Build.0 = Debug|Any CPU
		{B0B159E3-61AE-D92A-BF09-400B19A7F7A1}.Release|Any CPU.ActiveCfg = Release|Any CPU
		{B0B159E3-61AE-D92A-BF09-400B19A7F7A1}.Release|Any CPU.Build.0 = Release|Any CPU
	EndGlobalSection
	GlobalSection(SolutionProperties) = preSolution
		HideSolutionNode = FALSE
	EndGlobalSection
	GlobalSection(MonoDevelopProperties) = preSolution
		StartupItem = Assembly-CSharp.csproj
	EndGlobalSection
EndGlobal
